
Microsoft Visual Studio Solution File, Format Version 12.00
# Visual Studio 15
VisualStudioVersion = 15.0.28307.1401
MinimumVisualStudioVersion = 10.0.40219.1
Project("{FC65038C-1B2F-41E1-A629-BED71D161FFF}") = "RADFinancialReportsSecurity (USR) [SIGDevelopment]", "RADFinancialReportsSecurity\RADFinancialReportsSecurity.rnrproj", "{9ED14BF2-CFD3-4866-835C-A18236B53442}"
EndProject
Global
	GlobalSection(SolutionConfigurationPlatforms) = preSolution
		Debug|Any CPU = Debug|Any CPU
	EndGlobalSection
	GlobalSection(ProjectConfigurationPlatforms) = postSolution
		{9ED14BF2-CFD3-4866-835C-A18236B53442}.Debug|Any CPU.ActiveCfg = Debug|Any CPU
		{9ED14BF2-CFD3-4866-835C-A18236B53442}.Debug|Any CPU.Build.0 = Debug|Any CPU
	EndGlobalSection
	GlobalSection(SolutionProperties) = preSolution
		HideSolutionNode = FALSE
	EndGlobalSection
	GlobalSection(ExtensibilityGlobals) = postSolution
		SolutionGuid = {E58FB619-73E2-4554-805C-2183CD9732BE}
	EndGlobalSection
	GlobalSection(TeamFoundationVersionControl) = preSolution
		SccNumberOfProjects = 2
		SccEnterpriseProvider = {4CA58AB2-18FA-4F8D-95D4-32DDF27D184C}
		SccTeamFoundationServer = https://dev.azure.com/erpsig
		SccLocalPath0 = .
		SccProjectUniqueName1 = RADFinancialReportsSecurity\\RADFinancialReportsSecurity.rnrproj
		SccProjectName1 = RADFinancialReportsSecurity
		SccLocalPath1 = RADFinancialReportsSecurity
	EndGlobalSection
EndGlobal
