
Microsoft Visual Studio Solution File, Format Version 12.00
# Visual Studio 14
VisualStudioVersion = 14.0.25420.1
MinimumVisualStudioVersion = 10.0.40219.1
Project("{FC65038C-1B2F-41E1-A629-BED71D161FFF}") = "RADCustInvoiceAmountyear (USR) [SIGDevelopment]", "RADCustInvoiceAmountyear\RADCustInvoiceAmountyear.rnrproj", "{FF6D6451-D92E-4D83-8F57-0052466E65C4}"
EndProject
Project("{FC65038C-1B2F-41E1-A629-BED71D161FFF}") = "RADPayChequeReport (USR) [SIGDevelopment]", "RADPayChequeReport\RADPayChequeReport.rnrproj", "{7296F193-7E19-473A-A683-6E8682DEF2C7}"
EndProject
Project("{FC65038C-1B2F-41E1-A629-BED71D161FFF}") = "SIGCustomerAgingReport (USR) [SIGDevelopment]", "SIGCustomerAgingReport\SIGCustomerAgingReport.rnrproj", "{147E31CB-1C3A-4242-B4C1-073A139FE1BE}"
EndProject
Project("{FC65038C-1B2F-41E1-A629-BED71D161FFF}") = "SIGProjectSalesDetailsReport (USR) [SIGDevelopment]", "SIGProjectSalesDetailsReport\SIGProjectSalesDetailsReport.rnrproj", "{14D07B22-B7EF-400B-ABA3-889B43E3C14F}"
EndProject
Project("{FC65038C-1B2F-41E1-A629-BED71D161FFF}") = "RADCustAgingReportV1 (USR) [SIGDevelopment]", "RADCustAgingReportV1\RADCustAgingReportV1.rnrproj", "{E614A76C-77E0-47AD-AE8B-86EE1789EEAE}"
EndProject
Project("{FC65038C-1B2F-41E1-A629-BED71D161FFF}") = "RADARReport (USR) [SIGDevelopment]", "RADCustAgingReportV2\RADARReport.rnrproj", "{7540CB67-41DD-4CB5-8095-4B44C07DE72A}"
EndProject
Project("{FC65038C-1B2F-41E1-A629-BED71D161FFF}") = "Project Invoice Report (USR) [SIGDevelopment]", "Project Invoice Report\Project Invoice Report.rnrproj", "{A0FE1C59-4402-4491-A0F3-5A790407264B}"
EndProject
Project("{FC65038C-1B2F-41E1-A629-BED71D161FFF}") = "SIGEmployeeTimesheetAndUtilizationSummary (USR) [SIGDevelopment]", "SIGEmployeeTimesheetAndUtilizationSummary\SIGEmployeeTimesheetAndUtilizationSummary.rnrproj", "{AFD8E04A-7DB6-4403-A67E-01AB28F84B71}"
EndProject
Project("{FC65038C-1B2F-41E1-A629-BED71D161FFF}") = "SIGProjTableModifications (USR) [SIGDevelopment]", "SIGProjTableModifications\SIGProjTableModifications.rnrproj", "{FBEFAA47-B086-4DA5-91B7-655240262C06}"
EndProject
Project("{FC65038C-1B2F-41E1-A629-BED71D161FFF}") = "SIGPayCheqxWeeklyReport (USR) [SIGDevelopment]", "SIGPayCheqxWeeklyReport\SIGPayCheqxWeeklyReport.rnrproj", "{1E2EB54F-9549-4B90-A812-872E5FB39B32}"
EndProject
Project("{FC65038C-1B2F-41E1-A629-BED71D161FFF}") = "SIGCheque_USReport (USR) [SIGDevelopment]", "SIGCheque_USReport\SIGCheque_USReport.rnrproj", "{9F5D6EC1-D9F1-4658-8E83-0E61EAE52B26}"
EndProject
Project("{FC65038C-1B2F-41E1-A629-BED71D161FFF}") = "SIGProjectBudgetApproval (USR) [SIGDevelopment]", "SIGProjectBudgetApproval\SIGProjectBudgetApproval.rnrproj", "{2B3357A0-F21F-40B2-8441-27733B0B06AB}"
EndProject
Global
	GlobalSection(SolutionConfigurationPlatforms) = preSolution
		Debug|Any CPU = Debug|Any CPU
	EndGlobalSection
	GlobalSection(ProjectConfigurationPlatforms) = postSolution
		{FF6D6451-D92E-4D83-8F57-0052466E65C4}.Debug|Any CPU.ActiveCfg = Debug|Any CPU
		{FF6D6451-D92E-4D83-8F57-0052466E65C4}.Debug|Any CPU.Build.0 = Debug|Any CPU
		{7296F193-7E19-473A-A683-6E8682DEF2C7}.Debug|Any CPU.ActiveCfg = Debug|Any CPU
		{7296F193-7E19-473A-A683-6E8682DEF2C7}.Debug|Any CPU.Build.0 = Debug|Any CPU
		{147E31CB-1C3A-4242-B4C1-073A139FE1BE}.Debug|Any CPU.ActiveCfg = Debug|Any CPU
		{147E31CB-1C3A-4242-B4C1-073A139FE1BE}.Debug|Any CPU.Build.0 = Debug|Any CPU
		{14D07B22-B7EF-400B-ABA3-889B43E3C14F}.Debug|Any CPU.ActiveCfg = Debug|Any CPU
		{14D07B22-B7EF-400B-ABA3-889B43E3C14F}.Debug|Any CPU.Build.0 = Debug|Any CPU
		{E614A76C-77E0-47AD-AE8B-86EE1789EEAE}.Debug|Any CPU.ActiveCfg = Debug|Any CPU
		{E614A76C-77E0-47AD-AE8B-86EE1789EEAE}.Debug|Any CPU.Build.0 = Debug|Any CPU
		{7540CB67-41DD-4CB5-8095-4B44C07DE72A}.Debug|Any CPU.ActiveCfg = Debug|Any CPU
		{7540CB67-41DD-4CB5-8095-4B44C07DE72A}.Debug|Any CPU.Build.0 = Debug|Any CPU
		{A0FE1C59-4402-4491-A0F3-5A790407264B}.Debug|Any CPU.ActiveCfg = Debug|Any CPU
		{A0FE1C59-4402-4491-A0F3-5A790407264B}.Debug|Any CPU.Build.0 = Debug|Any CPU
		{AFD8E04A-7DB6-4403-A67E-01AB28F84B71}.Debug|Any CPU.ActiveCfg = Debug|Any CPU
		{AFD8E04A-7DB6-4403-A67E-01AB28F84B71}.Debug|Any CPU.Build.0 = Debug|Any CPU
		{FBEFAA47-B086-4DA5-91B7-655240262C06}.Debug|Any CPU.ActiveCfg = Debug|Any CPU
		{FBEFAA47-B086-4DA5-91B7-655240262C06}.Debug|Any CPU.Build.0 = Debug|Any CPU
		{1E2EB54F-9549-4B90-A812-872E5FB39B32}.Debug|Any CPU.ActiveCfg = Debug|Any CPU
		{1E2EB54F-9549-4B90-A812-872E5FB39B32}.Debug|Any CPU.Build.0 = Debug|Any CPU
		{9F5D6EC1-D9F1-4658-8E83-0E61EAE52B26}.Debug|Any CPU.ActiveCfg = Debug|Any CPU
		{9F5D6EC1-D9F1-4658-8E83-0E61EAE52B26}.Debug|Any CPU.Build.0 = Debug|Any CPU
		{2B3357A0-F21F-40B2-8441-27733B0B06AB}.Debug|Any CPU.ActiveCfg = Debug|Any CPU
		{2B3357A0-F21F-40B2-8441-27733B0B06AB}.Debug|Any CPU.Build.0 = Debug|Any CPU
	EndGlobalSection
	GlobalSection(SolutionProperties) = preSolution
		HideSolutionNode = FALSE
	EndGlobalSection
	GlobalSection(TeamFoundationVersionControl) = preSolution
		SccNumberOfProjects = 13
		SccEnterpriseProvider = {4CA58AB2-18FA-4F8D-95D4-32DDF27D184C}
		SccTeamFoundationServer = https://dev.azure.com/erpsig
		SccLocalPath0 = .
		SccProjectUniqueName1 = RADCustInvoiceAmountyear\\RADCustInvoiceAmountyear.rnrproj
		SccProjectName1 = RADCustInvoiceAmountyear
		SccLocalPath1 = RADCustInvoiceAmountyear
		SccProjectUniqueName2 = RADPayChequeReport\\RADPayChequeReport.rnrproj
		SccProjectName2 = RADPayChequeReport
		SccLocalPath2 = RADPayChequeReport
		SccProjectUniqueName3 = SIGCustomerAgingReport\\SIGCustomerAgingReport.rnrproj
		SccProjectName3 = SIGCustomerAgingReport
		SccLocalPath3 = SIGCustomerAgingReport
		SccProjectUniqueName4 = SIGProjectSalesDetailsReport\\SIGProjectSalesDetailsReport.rnrproj
		SccProjectName4 = SIGProjectSalesDetailsReport
		SccLocalPath4 = SIGProjectSalesDetailsReport
		SccProjectUniqueName5 = RADCustAgingReportV1\\RADCustAgingReportV1.rnrproj
		SccProjectName5 = RADCustAgingReportV1
		SccLocalPath5 = RADCustAgingReportV1
		SccProjectUniqueName6 = RADCustAgingReportV2\\RADARReport.rnrproj
		SccProjectName6 = RADCustAgingReportV2
		SccLocalPath6 = RADCustAgingReportV2
		SccProjectUniqueName7 = Project\u0020Invoice\u0020Report\\Project\u0020Invoice\u0020Report.rnrproj
		SccProjectName7 = Project\u0020Invoice\u0020Report
		SccLocalPath7 = Project\u0020Invoice\u0020Report
		SccProjectUniqueName8 = SIGEmployeeTimesheetAndUtilizationSummary\\SIGEmployeeTimesheetAndUtilizationSummary.rnrproj
		SccProjectName8 = SIGEmployeeTimesheetAndUtilizationSummary
		SccLocalPath8 = SIGEmployeeTimesheetAndUtilizationSummary
		SccProjectUniqueName9 = SIGProjTableModifications\\SIGProjTableModifications.rnrproj
		SccProjectName9 = SIGProjTableModifications
		SccLocalPath9 = SIGProjTableModifications
		SccProjectUniqueName10 = SIGPayCheqxWeeklyReport\\SIGPayCheqxWeeklyReport.rnrproj
		SccProjectName10 = SIGPayCheqxWeeklyReport
		SccLocalPath10 = SIGPayCheqxWeeklyReport
		SccProjectUniqueName11 = SIGCheque_USReport\\SIGCheque_USReport.rnrproj
		SccProjectName11 = SIGCheque_USReport
		SccLocalPath11 = SIGCheque_USReport
		SccProjectUniqueName12 = SIGProjectBudgetApproval\\SIGProjectBudgetApproval.rnrproj
		SccProjectName12 = SIGProjectBudgetApproval
		SccLocalPath12 = SIGProjectBudgetApproval
	EndGlobalSection
EndGlobal
